
Microsoft Visual Studio Solution File, Format Version 12.00
# Visual Studio 15
VisualStudioVersion = 15.0.27130.2036
MinimumVisualStudioVersion = 10.0.40219.1
Project("{2150E333-8FDC-42A3-9474-1A3956D46DE8}") = "Engine", "Engine", "{F1F94EB9-13D2-4CC6-BDE1-40A654A8BD81}"
EndProject
Project("{2150E333-8FDC-42A3-9474-1A3956D46DE8}") = "Games", "Games", "{620865E4-894F-4A91-B734-8BD2C1B41F42}"
EndProject
Project("{8BC9CEB8-8B4A-11D0-8D11-00A0C91BC942}") = "UE4", "Intermediate\ProjectFiles\UE4.vcxproj", "{BB6F6B1C-7DF8-430B-9CEB-AD04B5874E85}"
EndProject
Project("{8BC9CEB8-8B4A-11D0-8D11-00A0C91BC942}") = "BuildingEscape", "Intermediate\ProjectFiles\BuildingEscape.vcxproj", "{6B801816-E21E-40FC-863C-FB1EFF579150}"
EndProject
Global
	GlobalSection(SolutionConfigurationPlatforms) = preSolution
		DebugGame Editor|HTML5 = DebugGame Editor|HTML5
		DebugGame Editor|Win32 = DebugGame Editor|Win32
		DebugGame Editor|Win64 = DebugGame Editor|Win64
		DebugGame|HTML5 = DebugGame|HTML5
		DebugGame|Win32 = DebugGame|Win32
		DebugGame|Win64 = DebugGame|Win64
		Development Editor|HTML5 = Development Editor|HTML5
		Development Editor|Win32 = Development Editor|Win32
		Development Editor|Win64 = Development Editor|Win64
		Development|HTML5 = Development|HTML5
		Development|Win32 = Development|Win32
		Development|Win64 = Development|Win64
		Shipping|HTML5 = Shipping|HTML5
		Shipping|Win32 = Shipping|Win32
		Shipping|Win64 = Shipping|Win64
	EndGlobalSection
	GlobalSection(ProjectConfigurationPlatforms) = postSolution
		{BB6F6B1C-7DF8-430B-9CEB-AD04B5874E85}.DebugGame Editor|HTML5.ActiveCfg = BuiltWithUnrealBuildTool|Win32
		{BB6F6B1C-7DF8-430B-9CEB-AD04B5874E85}.DebugGame Editor|HTML5.Build.0 = BuiltWithUnrealBuildTool|Win32
		{BB6F6B1C-7DF8-430B-9CEB-AD04B5874E85}.DebugGame Editor|Win32.ActiveCfg = BuiltWithUnrealBuildTool|Win32
		{BB6F6B1C-7DF8-430B-9CEB-AD04B5874E85}.DebugGame Editor|Win32.Build.0 = BuiltWithUnrealBuildTool|Win32
		{BB6F6B1C-7DF8-430B-9CEB-AD04B5874E85}.DebugGame Editor|Win64.ActiveCfg = BuiltWithUnrealBuildTool|Win32
		{BB6F6B1C-7DF8-430B-9CEB-AD04B5874E85}.DebugGame Editor|Win64.Build.0 = BuiltWithUnrealBuildTool|Win32
		{BB6F6B1C-7DF8-430B-9CEB-AD04B5874E85}.DebugGame|HTML5.ActiveCfg = BuiltWithUnrealBuildTool|Win32
		{BB6F6B1C-7DF8-430B-9CEB-AD04B5874E85}.DebugGame|HTML5.Build.0 = BuiltWithUnrealBuildTool|Win32
		{BB6F6B1C-7DF8-430B-9CEB-AD04B5874E85}.DebugGame|Win32.ActiveCfg = BuiltWithUnrealBuildTool|Win32
		{BB6F6B1C-7DF8-430B-9CEB-AD04B5874E85}.DebugGame|Win32.Build.0 = BuiltWithUnrealBuildTool|Win32
		{BB6F6B1C-7DF8-430B-9CEB-AD04B5874E85}.DebugGame|Win64.ActiveCfg = BuiltWithUnrealBuildTool|Win32
		{BB6F6B1C-7DF8-430B-9CEB-AD04B5874E85}.DebugGame|Win64.Build.0 = BuiltWithUnrealBuildTool|Win32
		{BB6F6B1C-7DF8-430B-9CEB-AD04B5874E85}.Development Editor|HTML5.ActiveCfg = BuiltWithUnrealBuildTool|Win32
		{BB6F6B1C-7DF8-430B-9CEB-AD04B5874E85}.Development Editor|HTML5.Build.0 = BuiltWithUnrealBuildTool|Win32
		{BB6F6B1C-7DF8-430B-9CEB-AD04B5874E85}.Development Editor|Win32.ActiveCfg = BuiltWithUnrealBuildTool|Win32
		{BB6F6B1C-7DF8-430B-9CEB-AD04B5874E85}.Development Editor|Win32.Build.0 = BuiltWithUnrealBuildTool|Win32
		{BB6F6B1C-7DF8-430B-9CEB-AD04B5874E85}.Development Editor|Win64.ActiveCfg = BuiltWithUnrealBuildTool|Win32
		{BB6F6B1C-7DF8-430B-9CEB-AD04B5874E85}.Development Editor|Win64.Build.0 = BuiltWithUnrealBuildTool|Win32
		{BB6F6B1C-7DF8-430B-9CEB-AD04B5874E85}.Development|HTML5.ActiveCfg = BuiltWithUnrealBuildTool|Win32
		{BB6F6B1C-7DF8-430B-9CEB-AD04B5874E85}.Development|HTML5.Build.0 = BuiltWithUnrealBuildTool|Win32
		{BB6F6B1C-7DF8-430B-9CEB-AD04B5874E85}.Development|Win32.ActiveCfg = BuiltWithUnrealBuildTool|Win32
		{BB6F6B1C-7DF8-430B-9CEB-AD04B5874E85}.Development|Win32.Build.0 = BuiltWithUnrealBuildTool|Win32
		{BB6F6B1C-7DF8-430B-9CEB-AD04B5874E85}.Development|Win64.ActiveCfg = BuiltWithUnrealBuildTool|Win32
		{BB6F6B1C-7DF8-430B-9CEB-AD04B5874E85}.Development|Win64.Build.0 = BuiltWithUnrealBuildTool|Win32
		{BB6F6B1C-7DF8-430B-9CEB-AD04B5874E85}.Shipping|HTML5.ActiveCfg = BuiltWithUnrealBuildTool|Win32
		{BB6F6B1C-7DF8-430B-9CEB-AD04B5874E85}.Shipping|HTML5.Build.0 = BuiltWithUnrealBuildTool|Win32
		{BB6F6B1C-7DF8-430B-9CEB-AD04B5874E85}.Shipping|Win32.ActiveCfg = BuiltWithUnrealBuildTool|Win32
		{BB6F6B1C-7DF8-430B-9CEB-AD04B5874E85}.Shipping|Win32.Build.0 = BuiltWithUnrealBuildTool|Win32
		{BB6F6B1C-7DF8-430B-9CEB-AD04B5874E85}.Shipping|Win64.ActiveCfg = BuiltWithUnrealBuildTool|Win32
		{BB6F6B1C-7DF8-430B-9CEB-AD04B5874E85}.Shipping|Win64.Build.0 = BuiltWithUnrealBuildTool|Win32
		{6B801816-E21E-40FC-863C-FB1EFF579150}.DebugGame Editor|HTML5.ActiveCfg = HTML5_DebugGame_Editor|Win32
		{6B801816-E21E-40FC-863C-FB1EFF579150}.DebugGame Editor|Win32.ActiveCfg = DebugGame_Editor|Win32
		{6B801816-E21E-40FC-863C-FB1EFF579150}.DebugGame Editor|Win64.ActiveCfg = DebugGame_Editor|x64
		{6B801816-E21E-40FC-863C-FB1EFF579150}.DebugGame Editor|Win64.Build.0 = DebugGame_Editor|x64
		{6B801816-E21E-40FC-863C-FB1EFF579150}.DebugGame|HTML5.ActiveCfg = HTML5_DebugGame_Game|Win32
		{6B801816-E21E-40FC-863C-FB1EFF579150}.DebugGame|HTML5.Build.0 = HTML5_DebugGame_Game|Win32
		{6B801816-E21E-40FC-863C-FB1EFF579150}.DebugGame|Win32.ActiveCfg = DebugGame_Game|Win32
		{6B801816-E21E-40FC-863C-FB1EFF579150}.DebugGame|Win32.Build.0 = DebugGame_Game|Win32
		{6B801816-E21E-40FC-863C-FB1EFF579150}.DebugGame|Win64.ActiveCfg = DebugGame_Game|x64
		{6B801816-E21E-40FC-863C-FB1EFF579150}.DebugGame|Win64.Build.0 = DebugGame_Game|x64
		{6B801816-E21E-40FC-863C-FB1EFF579150}.Development Editor|HTML5.ActiveCfg = HTML5_Development_Editor|Win32
		{6B801816-E21E-40FC-863C-FB1EFF579150}.Development Editor|Win32.ActiveCfg = Development_Editor|Win32
		{6B801816-E21E-40FC-863C-FB1EFF579150}.Development Editor|Win64.ActiveCfg = Development_Editor|x64
		{6B801816-E21E-40FC-863C-FB1EFF579150}.Development Editor|Win64.Build.0 = Development_Editor|x64
		{6B801816-E21E-40FC-863C-FB1EFF579150}.Development|HTML5.ActiveCfg = HTML5_Development_Game|Win32
		{6B801816-E21E-40FC-863C-FB1EFF579150}.Development|HTML5.Build.0 = HTML5_Development_Game|Win32
		{6B801816-E21E-40FC-863C-FB1EFF579150}.Development|Win32.ActiveCfg = Development_Game|Win32
		{6B801816-E21E-40FC-863C-FB1EFF579150}.Development|Win32.Build.0 = Development_Game|Win32
		{6B801816-E21E-40FC-863C-FB1EFF579150}.Development|Win64.ActiveCfg = Development_Game|x64
		{6B801816-E21E-40FC-863C-FB1EFF579150}.Development|Win64.Build.0 = Development_Game|x64
		{6B801816-E21E-40FC-863C-FB1EFF579150}.Shipping|HTML5.ActiveCfg = HTML5_Shipping_Game|Win32
		{6B801816-E21E-40FC-863C-FB1EFF579150}.Shipping|HTML5.Build.0 = HTML5_Shipping_Game|Win32
		{6B801816-E21E-40FC-863C-FB1EFF579150}.Shipping|Win32.ActiveCfg = Shipping_Game|Win32
		{6B801816-E21E-40FC-863C-FB1EFF579150}.Shipping|Win32.Build.0 = Shipping_Game|Win32
		{6B801816-E21E-40FC-863C-FB1EFF579150}.Shipping|Win64.ActiveCfg = Shipping_Game|x64
		{6B801816-E21E-40FC-863C-FB1EFF579150}.Shipping|Win64.Build.0 = Shipping_Game|x64
	EndGlobalSection
	GlobalSection(SolutionProperties) = preSolution
		HideSolutionNode = FALSE
	EndGlobalSection
	GlobalSection(NestedProjects) = preSolution
		{BB6F6B1C-7DF8-430B-9CEB-AD04B5874E85} = {F1F94EB9-13D2-4CC6-BDE1-40A654A8BD81}
		{6B801816-E21E-40FC-863C-FB1EFF579150} = {620865E4-894F-4A91-B734-8BD2C1B41F42}
	EndGlobalSection
	GlobalSection(ExtensibilityGlobals) = postSolution
		SolutionGuid = {6BA938F1-3B3E-45BC-AA37-982961729454}
	EndGlobalSection
EndGlobal
